Microsoft Visual Studio Solution File, Format Version 12.00
# Visual Studio Version 16
VisualStudioVersion = 16.0.29102.190
MinimumVisualStudioVersion = 10.0.40219.1
Project("{2150E333-8FDC-42A3-9474-1A3956D46DE8}") = "src", "src", "{419A6ACE-0419-4315-A6FB-B0E63D39432E}"
EndProject
Project("{9A19103F-16F7-4668-BE54-9A1E7A4F7556}") = "Infrastructure", "src\Infrastructure\Infrastructure.csproj", "{7C461394-ABDC-43CD-A798-71249C58BA67}"
EndProject
Project("{9A19103F-16F7-4668-BE54-9A1E7A4F7556}") = "ApplicationCore", "src\ApplicationCore\ApplicationCore.csproj", "{7FED7440-2311-4D1E-958B-3E887C585CD2}"
EndProject
Project("{2150E333-8FDC-42A3-9474-1A3956D46DE8}") = "tests", "tests", "{15EA4737-125B-4E6E-A806-E13B7EBCDCCF}"
	ProjectSection(SolutionItems) = preProject
		CodeCoverage.runsettings = CodeCoverage.runsettings
	EndProjectSection
EndProject
Project("{9A19103F-16F7-4668-BE54-9A1E7A4F7556}") = "UnitTests", "tests\UnitTests\UnitTests.csproj", "{EF6877E6-59CB-43A7-8C2C-E70DD70CC5B6}"
EndProject
Project("{9A19103F-16F7-4668-BE54-9A1E7A4F7556}") = "IntegrationTests", "tests\IntegrationTests\IntegrationTests.csproj", "{0F576306-7E2D-49B7-87B1-EB5D94CFD5FC}"
EndProject
Project("{9A19103F-16F7-4668-BE54-9A1E7A4F7556}") = "FunctionalTests", "tests\FunctionalTests\FunctionalTests.csproj", "{7EFB5482-F942-4C3D-94B0-9B70596E6D0A}"
EndProject
Project("{2150E333-8FDC-42A3-9474-1A3956D46DE8}") = "Solution Items", "Solution Items", "{0BD72BEA-EF42-4B72-8B69-12A39EC76FBA}"
	ProjectSection(SolutionItems) = preProject
		docker-compose.yml = docker-compose.yml
		README.md = README.md
	EndProjectSection
EndProject
Project("{9A19103F-16F7-4668-BE54-9A1E7A4F7556}") = "Web", "src\Web\Web.csproj", "{227CF035-29B0-448D-97E4-944F9EA850E5}"
EndProject
Project("{E53339B2-1760-4266-BCC7-CA923CBCF16C}") = "docker-compose", "docker-compose.dcproj", "{1FCBE191-34FE-4B2E-8915-CA81553958AD}"
EndProject
Global
	GlobalSection(SolutionConfigurationPlatforms) = preSolution
		Debug|Any CPU = Debug|Any CPU
		Release|Any CPU = Release|Any CPU
	EndGlobalSection
	GlobalSection(ProjectConfigurationPlatforms) = postSolution
		{7C461394-ABDC-43CD-A798-71249C58BA67}.Debug|Any CPU.ActiveCfg = Debug|Any CPU
		{7C461394-ABDC-43CD-A798-71249C58BA67}.Debug|Any CPU.Build.0 = Debug|Any CPU
		{7C461394-ABDC-43CD-A798-71249C58BA67}.Release|Any CPU.ActiveCfg = Release|Any CPU
		{7C461394-ABDC-43CD-A798-71249C58BA67}.Release|Any CPU.Build.0 = Release|Any CPU
		{7FED7440-2311-4D1E-958B-3E887C585CD2}.Debug|Any CPU.ActiveCfg = Debug|Any CPU
		{7FED7440-2311-4D1E-958B-3E887C585CD2}.Debug|Any CPU.Build.0 = Debug|Any CPU
		{7FED7440-2311-4D1E-958B-3E887C585CD2}.Release|Any CPU.ActiveCfg = Release|Any CPU
		{7FED7440-2311-4D1E-958B-3E887C585CD2}.Release|Any CPU.Build.0 = Release|Any CPU
		{EF6877E6-59CB-43A7-8C2C-E70DD70CC5B6}.Debug|Any CPU.ActiveCfg = Debug|Any CPU
		{EF6877E6-59CB-43A7-8C2C-E70DD70CC5B6}.Debug|Any CPU.Build.0 = Debug|Any CPU
		{EF6877E6-59CB-43A7-8C2C-E70DD70CC5B6}.Release|Any CPU.ActiveCfg = Release|Any CPU
		{EF6877E6-59CB-43A7-8C2C-E70DD70CC5B6}.Release|Any CPU.Build.0 = Release|Any CPU
		{0F576306-7E2D-49B7-87B1-EB5D94CFD5FC}.Debug|Any CPU.ActiveCfg = Debug|Any CPU
		{0F576306-7E2D-49B7-87B1-EB5D94CFD5FC}.Debug|Any CPU.Build.0 = Debug|Any CPU
		{0F576306-7E2D-49B7-87B1-EB5D94CFD5FC}.Release|Any CPU.ActiveCfg = Release|Any CPU
		{0F576306-7E2D-49B7-87B1-EB5D94CFD5FC}.Release|Any CPU.Build.0 = Release|Any CPU
		{7EFB5482-F942-4C3D-94B0-9B70596E6D0A}.Debug|Any CPU.ActiveCfg = Debug|Any CPU
		{7EFB5482-F942-4C3D-94B0-9B70596E6D0A}.Debug|Any CPU.Build.0 = Debug|Any CPU
		{7EFB5482-F942-4C3D-94B0-9B70596E6D0A}.Release|Any CPU.ActiveCfg = Release|Any CPU
		{7EFB5482-F942-4C3D-94B0-9B70596E6D0A}.Release|Any CPU.Build.0 = Release|Any CPU
		{227CF035-29B0-448D-97E4-944F9EA850E5}.Debug|Any CPU.ActiveCfg = Debug|Any CPU
		{227CF035-29B0-448D-97E4-944F9EA850E5}.Debug|Any CPU.Build.0 = Debug|Any CPU
		{227CF035-29B0-448D-97E4-944F9EA850E5}.Release|Any CPU.ActiveCfg = Release|Any CPU
		{227CF035-29B0-448D-97E4-944F9EA850E5}.Release|Any CPU.Build.0 = Release|Any CPU
		{1FCBE191-34FE-4B2E-8915-CA81553958AD}.Debug|Any CPU.ActiveCfg = Debug|Any CPU
		{1FCBE191-34FE-4B2E-8915-CA81553958AD}.Debug|Any CPU.Build.0 = Debug|Any CPU
		{1FCBE191-34FE-4B2E-8915-CA81553958AD}.Release|Any CPU.ActiveCfg = Release|Any CPU
		{1FCBE191-34FE-4B2E-8915-CA81553958AD}.Release|Any CPU.Build.0 = Release|Any CPU
	EndGlobalSection
	GlobalSection(SolutionProperties) = preSolution
		HideSolutionNode = FALSE
	EndGlobalSection
	GlobalSection(NestedProjects) = preSolution
		{7C461394-ABDC-43CD-A798-71249C58BA67} = {419A6ACE-0419-4315-A6FB-B0E63D39432E}
		{7FED7440-2311-4D1E-958B-3E887C585CD2} = {419A6ACE-0419-4315-A6FB-B0E63D39432E}
		{EF6877E6-59CB-43A7-8C2C-E70DD70CC5B6} = {15EA4737-125B-4E6E-A806-E13B7EBCDCCF}
		{0F576306-7E2D-49B7-87B1-EB5D94CFD5FC} = {15EA4737-125B-4E6E-A806-E13B7EBCDCCF}
		{7EFB5482-F942-4C3D-94B0-9B70596E6D0A} = {15EA4737-125B-4E6E-A806-E13B7EBCDCCF}
		{227CF035-29B0-448D-97E4-944F9EA850E5} = {419A6ACE-0419-4315-A6FB-B0E63D39432E}
	EndGlobalSection
	GlobalSection(ExtensibilityGlobals) = postSolution
		SolutionGuid = {49813262-5DA3-4D61-ABD3-493C74CE8C2B}
	EndGlobalSection
EndGlobal
