
Microsoft Visual Studio Solution File, Format Version 12.00
# Visual Studio Version 17
VisualStudioVersion = 17.0.31903.59
MinimumVisualStudioVersion = 10.0.40219.1
Project("{2150E333-8FDC-42A3-9474-1A3956D46DE8}") = "src", "src", "{8FF16BDB-352E-42A2-A25F-0B5BC3A17FD7}"
EndProject
Project("{9A19103F-16F7-4668-BE54-9A1E7A4F7556}") = "ApplicationCore", "src\ApplicationCore\ApplicationCore.csproj", "{1A5759FF-9990-4CF5-AD78-528452C5EFCC}"
EndProject
Project("{9A19103F-16F7-4668-BE54-9A1E7A4F7556}") = "BlazorAdmin", "src\BlazorAdmin\BlazorAdmin.csproj", "{7D7D0B73-4153-4E9B-BBD1-C9D7C8AEE970}"
EndProject
Project("{9A19103F-16F7-4668-BE54-9A1E7A4F7556}") = "BlazorShared", "src\BlazorShared\BlazorShared.csproj", "{6FD75683-D186-4BE3-ABD0-2324650B46B5}"
EndProject
Project("{9A19103F-16F7-4668-BE54-9A1E7A4F7556}") = "Infrastructure", "src\Infrastructure\Infrastructure.csproj", "{35457566-83CE-44FC-A650-265CC9C544DC}"
EndProject
Project("{9A19103F-16F7-4668-BE54-9A1E7A4F7556}") = "PublicApi", "src\PublicApi\PublicApi.csproj", "{7F226129-E8B0-4274-87A7-347AA4F7D374}"
EndProject
Project("{9A19103F-16F7-4668-BE54-9A1E7A4F7556}") = "Web", "src\Web\Web.csproj", "{7559FA9E-7CFC-4615-8D09-3CDEFC765455}"
EndProject
Project("{2150E333-8FDC-42A3-9474-1A3956D46DE8}") = "tests", "tests", "{BAA5312D-B54C-42D6-A3B9-504DD12F8250}"
EndProject
Project("{9A19103F-16F7-4668-BE54-9A1E7A4F7556}") = "FunctionalTests", "tests\FunctionalTests\FunctionalTests.csproj", "{020545FF-D985-4274-9FDB-FD8B9B32D2ED}"
EndProject
Project("{9A19103F-16F7-4668-BE54-9A1E7A4F7556}") = "IntegrationTests", "tests\IntegrationTests\IntegrationTests.csproj", "{D6829485-DD9C-42CE-BEDE-4EB0E81021AC}"
EndProject
Project("{9A19103F-16F7-4668-BE54-9A1E7A4F7556}") = "PublicApiIntegrationTests", "tests\PublicApiIntegrationTests\PublicApiIntegrationTests.csproj", "{698594AE-78D3-429F-B5CC-3A6F6BCE397A}"
EndProject
Project("{9A19103F-16F7-4668-BE54-9A1E7A4F7556}") = "UnitTests", "tests\UnitTests\UnitTests.csproj", "{EAD6CF0B-2979-462C-BBB9-AF723B1EB570}"
EndProject
Project("{2150E333-8FDC-42A3-9474-1A3956D46DE8}") = "Solution Items", "Solution Items", "{7EFE7D65-5C2D-4D83-B034-D06B2D37564E}"
	ProjectSection(SolutionItems) = preProject
		README.md = README.md
	EndProjectSection
EndProject
Global
	GlobalSection(SolutionConfigurationPlatforms) = preSolution
		Debug|Any CPU = Debug|Any CPU
		Release|Any CPU = Release|Any CPU
	EndGlobalSection
	GlobalSection(ProjectConfigurationPlatforms) = postSolution
		{1A5759FF-9990-4CF5-AD78-528452C5EFCC}.Debug|Any CPU.ActiveCfg = Debug|Any CPU
		{1A5759FF-9990-4CF5-AD78-528452C5EFCC}.Debug|Any CPU.Build.0 = Debug|Any CPU
		{1A5759FF-9990-4CF5-AD78-528452C5EFCC}.Release|Any CPU.ActiveCfg = Release|Any CPU
		{1A5759FF-9990-4CF5-AD78-528452C5EFCC}.Release|Any CPU.Build.0 = Release|Any CPU
		{7D7D0B73-4153-4E9B-BBD1-C9D7C8AEE970}.Debug|Any CPU.ActiveCfg = Debug|Any CPU
		{7D7D0B73-4153-4E9B-BBD1-C9D7C8AEE970}.Debug|Any CPU.Build.0 = Debug|Any CPU
		{7D7D0B73-4153-4E9B-BBD1-C9D7C8AEE970}.Release|Any CPU.ActiveCfg = Release|Any CPU
		{7D7D0B73-4153-4E9B-BBD1-C9D7C8AEE970}.Release|Any CPU.Build.0 = Release|Any CPU
		{6FD75683-D186-4BE3-ABD0-2324650B46B5}.Debug|Any CPU.ActiveCfg = Debug|Any CPU
		{6FD75683-D186-4BE3-ABD0-2324650B46B5}.Debug|Any CPU.Build.0 = Debug|Any CPU
		{6FD75683-D186-4BE3-ABD0-2324650B46B5}.Release|Any CPU.ActiveCfg = Release|Any CPU
		{6FD75683-D186-4BE3-ABD0-2324650B46B5}.Release|Any CPU.Build.0 = Release|Any CPU
		{35457566-83CE-44FC-A650-265CC9C544DC}.Debug|Any CPU.ActiveCfg = Debug|Any CPU
		{35457566-83CE-44FC-A650-265CC9C544DC}.Debug|Any CPU.Build.0 = Debug|Any CPU
		{35457566-83CE-44FC-A650-265CC9C544DC}.Release|Any CPU.ActiveCfg = Release|Any CPU
		{35457566-83CE-44FC-A650-265CC9C544DC}.Release|Any CPU.Build.0 = Release|Any CPU
		{7F226129-E8B0-4274-87A7-347AA4F7D374}.Debug|Any CPU.ActiveCfg = Debug|Any CPU
		{7F226129-E8B0-4274-87A7-347AA4F7D374}.Debug|Any CPU.Build.0 = Debug|Any CPU
		{7F226129-E8B0-4274-87A7-347AA4F7D374}.Release|Any CPU.ActiveCfg = Release|Any CPU
		{7F226129-E8B0-4274-87A7-347AA4F7D374}.Release|Any CPU.Build.0 = Release|Any CPU
		{7559FA9E-7CFC-4615-8D09-3CDEFC765455}.Debug|Any CPU.ActiveCfg = Debug|Any CPU
		{7559FA9E-7CFC-4615-8D09-3CDEFC765455}.Debug|Any CPU.Build.0 = Debug|Any CPU
		{7559FA9E-7CFC-4615-8D09-3CDEFC765455}.Release|Any CPU.ActiveCfg = Release|Any CPU
		{7559FA9E-7CFC-4615-8D09-3CDEFC765455}.Release|Any CPU.Build.0 = Release|Any CPU
		{020545FF-D985-4274-9FDB-FD8B9B32D2ED}.Debug|Any CPU.ActiveCfg = Debug|Any CPU
		{020545FF-D985-4274-9FDB-FD8B9B32D2ED}.Debug|Any CPU.Build.0 = Debug|Any CPU
		{020545FF-D985-4274-9FDB-FD8B9B32D2ED}.Release|Any CPU.ActiveCfg = Release|Any CPU
		{020545FF-D985-4274-9FDB-FD8B9B32D2ED}.Release|Any CPU.Build.0 = Release|Any CPU
		{D6829485-DD9C-42CE-BEDE-4EB0E81021AC}.Debug|Any CPU.ActiveCfg = Debug|Any CPU
		{D6829485-DD9C-42CE-BEDE-4EB0E81021AC}.Debug|Any CPU.Build.0 = Debug|Any CPU
		{D6829485-DD9C-42CE-BEDE-4EB0E81021AC}.Release|Any CPU.ActiveCfg = Release|Any CPU
		{D6829485-DD9C-42CE-BEDE-4EB0E81021AC}.Release|Any CPU.Build.0 = Release|Any CPU
		{698594AE-78D3-429F-B5CC-3A6F6BCE397A}.Debug|Any CPU.ActiveCfg = Debug|Any CPU
		{698594AE-78D3-429F-B5CC-3A6F6BCE397A}.Debug|Any CPU.Build.0 = Debug|Any CPU
		{698594AE-78D3-429F-B5CC-3A6F6BCE397A}.Release|Any CPU.ActiveCfg = Release|Any CPU
		{698594AE-78D3-429F-B5CC-3A6F6BCE397A}.Release|Any CPU.Build.0 = Release|Any CPU
		{EAD6CF0B-2979-462C-BBB9-AF723B1EB570}.Debug|Any CPU.ActiveCfg = Debug|Any CPU
		{EAD6CF0B-2979-462C-BBB9-AF723B1EB570}.Debug|Any CPU.Build.0 = Debug|Any CPU
		{EAD6CF0B-2979-462C-BBB9-AF723B1EB570}.Release|Any CPU.ActiveCfg = Release|Any CPU
		{EAD6CF0B-2979-462C-BBB9-AF723B1EB570}.Release|Any CPU.Build.0 = Release|Any CPU
	EndGlobalSection
	GlobalSection(SolutionProperties) = preSolution
		HideSolutionNode = FALSE
	EndGlobalSection
	GlobalSection(NestedProjects) = preSolution
		{1A5759FF-9990-4CF5-AD78-528452C5EFCC} = {8FF16BDB-352E-42A2-A25F-0B5BC3A17FD7}
		{7D7D0B73-4153-4E9B-BBD1-C9D7C8AEE970} = {8FF16BDB-352E-42A2-A25F-0B5BC3A17FD7}
		{6FD75683-D186-4BE3-ABD0-2324650B46B5} = {8FF16BDB-352E-42A2-A25F-0B5BC3A17FD7}
		{35457566-83CE-44FC-A650-265CC9C544DC} = {8FF16BDB-352E-42A2-A25F-0B5BC3A17FD7}
		{7F226129-E8B0-4274-87A7-347AA4F7D374} = {8FF16BDB-352E-42A2-A25F-0B5BC3A17FD7}
		{7559FA9E-7CFC-4615-8D09-3CDEFC765455} = {8FF16BDB-352E-42A2-A25F-0B5BC3A17FD7}
		{020545FF-D985-4274-9FDB-FD8B9B32D2ED} = {BAA5312D-B54C-42D6-A3B9-504DD12F8250}
		{D6829485-DD9C-42CE-BEDE-4EB0E81021AC} = {BAA5312D-B54C-42D6-A3B9-504DD12F8250}
		{698594AE-78D3-429F-B5CC-3A6F6BCE397A} = {BAA5312D-B54C-42D6-A3B9-504DD12F8250}
		{EAD6CF0B-2979-462C-BBB9-AF723B1EB570} = {BAA5312D-B54C-42D6-A3B9-504DD12F8250}
	EndGlobalSection
EndGlobal
