{
  "name": "loadtests",
  "version": "1.0.0",
  "lockfileVersion": 3,
  "requires": true,
  "packages": {
    "": {
      "name": "loadtests",
      "version": "1.0.0",
      "license": "ISC",
      "devDependencies": {
        "@types/k6": "^0.43.2"
      }
    },
    "node_modules/@types/k6": {
      "version": "0.43.2",
      "resolved": "https://registry.npmjs.org/@types/k6/-/k6-0.43.2.tgz",
      "integrity": "sha512-DD24gUZ5Y+tEZZrNt0wW9xZO3U81mWPQWBkcwms+V37GVUeJQpONriKceq5jgcyoORy9Ra6gjXB3wMhMllB+dw==",
      "dev": true
    }
  }
}
